
Microsoft Visual Studio Solution File, Format Version 12.00
# Visual Studio Version 17
VisualStudioVersion = 17.10.35122.118
MinimumVisualStudioVersion = 10.0.40219.1
Project("{9A19103F-16F7-4668-BE54-9A1E7A4F7556}") = "WinFormsCrud", "WinFormsCrud\WinFormsCrud.csproj", "{A348901E-9659-4833-B3FC-428CCD2BB695}"
	ProjectSection(ProjectDependencies) = postProject
		{3A52FD04-DCD0-44AD-BB23-1C79DDF29BA3} = {3A52FD04-DCD0-44AD-BB23-1C79DDF29BA3}
	EndProjectSection
EndProject
Project("{9A19103F-16F7-4668-BE54-9A1E7A4F7556}") = "SimpleWebApiTests", "WinFormsCrudTests\SimpleWebApiTests.csproj", "{D08DF1FE-A6C5-4E82-827F-DA3DB3BCFED5}"
EndProject
Project("{9A19103F-16F7-4668-BE54-9A1E7A4F7556}") = "SimpleWebApi", "SimpleWebApi\SimpleWebApi.csproj", "{3A52FD04-DCD0-44AD-BB23-1C79DDF29BA3}"
EndProject
Project("{FAE04EC0-301F-11D3-BF4B-00C04F79EFBC}") = "CommonLibrary", "CommonLibrary\CommonLibrary.csproj", "{4B9AF064-B1A6-4B88-99B4-6542359559C8}"
EndProject
Global
	GlobalSection(SolutionConfigurationPlatforms) = preSolution
		Debug|Any CPU = Debug|Any CPU
		Release|Any CPU = Release|Any CPU
	EndGlobalSection
	GlobalSection(ProjectConfigurationPlatforms) = postSolution
		{A348901E-9659-4833-B3FC-428CCD2BB695}.Debug|Any CPU.ActiveCfg = Debug|Any CPU
		{A348901E-9659-4833-B3FC-428CCD2BB695}.Debug|Any CPU.Build.0 = Debug|Any CPU
		{A348901E-9659-4833-B3FC-428CCD2BB695}.Release|Any CPU.ActiveCfg = Release|Any CPU
		{A348901E-9659-4833-B3FC-428CCD2BB695}.Release|Any CPU.Build.0 = Release|Any CPU
		{D08DF1FE-A6C5-4E82-827F-DA3DB3BCFED5}.Debug|Any CPU.ActiveCfg = Debug|Any CPU
		{D08DF1FE-A6C5-4E82-827F-DA3DB3BCFED5}.Debug|Any CPU.Build.0 = Debug|Any CPU
		{D08DF1FE-A6C5-4E82-827F-DA3DB3BCFED5}.Release|Any CPU.ActiveCfg = Release|Any CPU
		{D08DF1FE-A6C5-4E82-827F-DA3DB3BCFED5}.Release|Any CPU.Build.0 = Release|Any CPU
		{3A52FD04-DCD0-44AD-BB23-1C79DDF29BA3}.Debug|Any CPU.ActiveCfg = Debug|Any CPU
		{3A52FD04-DCD0-44AD-BB23-1C79DDF29BA3}.Debug|Any CPU.Build.0 = Debug|Any CPU
		{3A52FD04-DCD0-44AD-BB23-1C79DDF29BA3}.Release|Any CPU.ActiveCfg = Release|Any CPU
		{3A52FD04-DCD0-44AD-BB23-1C79DDF29BA3}.Release|Any CPU.Build.0 = Release|Any CPU
		{4B9AF064-B1A6-4B88-99B4-6542359559C8}.Debug|Any CPU.ActiveCfg = Debug|Any CPU
		{4B9AF064-B1A6-4B88-99B4-6542359559C8}.Debug|Any CPU.Build.0 = Debug|Any CPU
		{4B9AF064-B1A6-4B88-99B4-6542359559C8}.Release|Any CPU.ActiveCfg = Release|Any CPU
		{4B9AF064-B1A6-4B88-99B4-6542359559C8}.Release|Any CPU.Build.0 = Release|Any CPU
	EndGlobalSection
	GlobalSection(SolutionProperties) = preSolution
		HideSolutionNode = FALSE
	EndGlobalSection
	GlobalSection(ExtensibilityGlobals) = postSolution
		SolutionGuid = {CE64EA1D-D102-438A-9D63-091F812D7048}
	EndGlobalSection
EndGlobal
